
Microsoft Visual Studio Solution File, Format Version 12.00
# Visual Studio Version 17
VisualStudioVersion = 17.5.002.0
MinimumVisualStudioVersion = 10.0.40219.1
Project("{9A19103F-16F7-4668-BE54-9A1E7A4F7556}") = "WebApp", "WebApp\WebApp.csproj", "{B4A2C9E0-1E88-4AA4-AFAD-62768A6E02BC}"
EndProject
Global
	GlobalSection(SolutionConfigurationPlatforms) = preSolution
		Debug|Any CPU = Debug|Any CPU
		Release|Any CPU = Release|Any CPU
	EndGlobalSection
	GlobalSection(ProjectConfigurationPlatforms) = postSolution
		{B4A2C9E0-1E88-4AA4-AFAD-62768A6E02BC}.Debug|Any CPU.ActiveCfg = Debug|Any CPU
		{B4A2C9E0-1E88-4AA4-AFAD-62768A6E02BC}.Debug|Any CPU.Build.0 = Debug|Any CPU
		{B4A2C9E0-1E88-4AA4-AFAD-62768A6E02BC}.Release|Any CPU.ActiveCfg = Release|Any CPU
		{B4A2C9E0-1E88-4AA4-AFAD-62768A6E02BC}.Release|Any CPU.Build.0 = Release|Any CPU
	EndGlobalSection
	GlobalSection(SolutionProperties) = preSolution
		HideSolutionNode = FALSE
	EndGlobalSection
	GlobalSection(ExtensibilityGlobals) = postSolution
		SolutionGuid = {B32D1E45-6319-4C16-9F19-DA417C50CC84}
	EndGlobalSection
EndGlobal
